
Microsoft Visual Studio Solution File, Format Version 12.00
# Visual Studio Version 17
VisualStudioVersion = 17.0.32112.339
MinimumVisualStudioVersion = 10.0.40219.1
Project("{FAE04EC0-301F-11D3-BF4B-00C04F79EFBC}") = "B9Katalog", "B9Katalog\B9Katalog.csproj", "{9C1BAD48-C5EB-4C02-9CC3-248B00889338}"
EndProject
Global
	GlobalSection(SolutionConfigurationPlatforms) = preSolution
		Debug|Any CPU = Debug|Any CPU
		Release|Any CPU = Release|Any CPU
	EndGlobalSection
	GlobalSection(ProjectConfigurationPlatforms) = postSolution
		{9C1BAD48-C5EB-4C02-9CC3-248B00889338}.Debug|Any CPU.ActiveCfg = Debug|Any CPU
		{9C1BAD48-C5EB-4C02-9CC3-248B00889338}.Debug|Any CPU.Build.0 = Debug|Any CPU
		{9C1BAD48-C5EB-4C02-9CC3-248B00889338}.Release|Any CPU.ActiveCfg = Release|Any CPU
		{9C1BAD48-C5EB-4C02-9CC3-248B00889338}.Release|Any CPU.Build.0 = Release|Any CPU
	EndGlobalSection
	GlobalSection(SolutionProperties) = preSolution
		HideSolutionNode = FALSE
	EndGlobalSection
	GlobalSection(ExtensibilityGlobals) = postSolution
		SolutionGuid = {347A129F-59E5-4B7A-9B06-7ED58EF9D8A7}
	EndGlobalSection
EndGlobal
